
Microsoft Visual Studio Solution File, Format Version 12.00
# Visual Studio Version 16
VisualStudioVersion = 16.0.30804.86
MinimumVisualStudioVersion = 10.0.40219.1
Project("{8BC9CEB8-8B4A-11D0-8D11-00A0C91BC942}") = "Initializing directx11", "Sources\Initializing directx11\Initializing directx11.vcxproj", "{3CEB4FBB-B516-4151-8894-D46D7FFFC913}"
EndProject
Project("{8BC9CEB8-8B4A-11D0-8D11-00A0C91BC942}") = "Drawing a triangle", "Sources\Drawing a triangle\Drawing a Triangle.vcxproj", "{6135E7D0-8E96-4504-B863-95B10BC31AF6}"
EndProject
Project("{8BC9CEB8-8B4A-11D0-8D11-00A0C91BC942}") = "Texturing", "Sources\Texturing\Texturing.vcxproj", "{B37EBCC8-3DA1-4ECC-8C13-37FC9D3658F4}"
EndProject
Project("{8BC9CEB8-8B4A-11D0-8D11-00A0C91BC942}") = "Skeletal Animation", "Sources\Skeletal Animation\Skeletal Animation.vcxproj", "{2FA4E7B6-87A1-4B5E-82E0-5504FB951467}"
EndProject
Project("{8BC9CEB8-8B4A-11D0-8D11-00A0C91BC942}") = "Picking", "Sources\Picking\Picking.vcxproj", "{9546E34D-88D1-48E9-B2E0-18B9A81F33FD}"
EndProject
Project("{8BC9CEB8-8B4A-11D0-8D11-00A0C91BC942}") = "Basic Tessellation", "Sources\Basic Tessellation\Basic Tessellation.vcxproj", "{E2F9FA88-A975-4601-86CD-9C043E789DE4}"
EndProject
Project("{8BC9CEB8-8B4A-11D0-8D11-00A0C91BC942}") = "Terrain", "Sources\Terrain\Terrain.vcxproj", "{4FE5F895-5A2E-4DBA-8457-9CF34C69D616}"
EndProject
Project("{8BC9CEB8-8B4A-11D0-8D11-00A0C91BC942}") = "Lighting", "Sources\Lighting\Lighting.vcxproj", "{3ED80F3C-607F-484C-92D1-182DAEC0B54C}"
EndProject
Project("{8BC9CEB8-8B4A-11D0-8D11-00A0C91BC942}") = "Normal Mapping", "Sources\Normal Mapping\Normal Mapping.vcxproj", "{113E74A2-169F-49A1-A9F2-8B460FB24D6E}"
EndProject
Project("{2150E333-8FDC-42A3-9474-1A3956D46DE8}") = "01 Fundamentals", "01 Fundamentals", "{B03A36B0-3D23-4F70-99EE-B573BCEE25AC}"
EndProject
Project("{8BC9CEB8-8B4A-11D0-8D11-00A0C91BC942}") = "Skybox", "Sources\Skybox\Skybox.vcxproj", "{184D3646-458C-4421-9268-962FC489C852}"
EndProject
Project("{8BC9CEB8-8B4A-11D0-8D11-00A0C91BC942}") = "Adaptive Tessellation", "Sources\Adapative Tessellation\Adapative Tessellation.vcxproj", "{D73311D7-1C29-4377-B9A9-D0C0DD35F0BD}"
EndProject
Project("{2150E333-8FDC-42A3-9474-1A3956D46DE8}") = "02 Basics", "02 Basics", "{5F15C4B7-0012-421E-B8EF-33AB6989FA5A}"
EndProject
Project("{2150E333-8FDC-42A3-9474-1A3956D46DE8}") = "03 Advanced", "03 Advanced", "{AA239D65-A05A-47B9-845D-299E916B1A5D}"
EndProject
Project("{8BC9CEB8-8B4A-11D0-8D11-00A0C91BC942}") = "Render to Texture", "Sources\Render to Texture\Render to Texture.vcxproj", "{0AF767C0-B822-4B95-A620-48AC15BC9386}"
EndProject
Project("{8BC9CEB8-8B4A-11D0-8D11-00A0C91BC942}") = "Orthographic Camera", "Sources\Orthographic Camera\Orthographic Camera.vcxproj", "{13FE8F86-4D4C-4717-A10F-FD56C3B93AE5}"
EndProject
Project("{8BC9CEB8-8B4A-11D0-8D11-00A0C91BC942}") = "Perspective Camera", "Sources\Perspective Camera\Perspective Camera.vcxproj", "{77CA9DE3-BFE6-42A1-BB23-4ABD8E9D310E}"
EndProject
Project("{8BC9CEB8-8B4A-11D0-8D11-00A0C91BC942}") = "Stencil Outline", "Sources\Stencil Outline\Stencil Outline.vcxproj", "{40D85E14-09E2-4274-B755-13221DF2433F}"
EndProject
Project("{8BC9CEB8-8B4A-11D0-8D11-00A0C91BC942}") = "Point Sprite", "Sources\Point Sprite\Point Sprite.vcxproj", "{F5116193-0BF3-4044-B040-EDACC8018866}"
EndProject
Global
	GlobalSection(SolutionConfigurationPlatforms) = preSolution
		Debug|x64 = Debug|x64
		Debug|x86 = Debug|x86
		Release|x64 = Release|x64
		Release|x86 = Release|x86
	EndGlobalSection
	GlobalSection(ProjectConfigurationPlatforms) = postSolution
		{3CEB4FBB-B516-4151-8894-D46D7FFFC913}.Debug|x64.ActiveCfg = Debug|x64
		{3CEB4FBB-B516-4151-8894-D46D7FFFC913}.Debug|x64.Build.0 = Debug|x64
		{3CEB4FBB-B516-4151-8894-D46D7FFFC913}.Debug|x86.ActiveCfg = Debug|Win32
		{3CEB4FBB-B516-4151-8894-D46D7FFFC913}.Debug|x86.Build.0 = Debug|Win32
		{3CEB4FBB-B516-4151-8894-D46D7FFFC913}.Release|x64.ActiveCfg = Release|x64
		{3CEB4FBB-B516-4151-8894-D46D7FFFC913}.Release|x64.Build.0 = Release|x64
		{3CEB4FBB-B516-4151-8894-D46D7FFFC913}.Release|x86.ActiveCfg = Release|Win32
		{3CEB4FBB-B516-4151-8894-D46D7FFFC913}.Release|x86.Build.0 = Release|Win32
		{6135E7D0-8E96-4504-B863-95B10BC31AF6}.Debug|x64.ActiveCfg = Debug|x64
		{6135E7D0-8E96-4504-B863-95B10BC31AF6}.Debug|x64.Build.0 = Debug|x64
		{6135E7D0-8E96-4504-B863-95B10BC31AF6}.Debug|x86.ActiveCfg = Debug|Win32
		{6135E7D0-8E96-4504-B863-95B10BC31AF6}.Debug|x86.Build.0 = Debug|Win32
		{6135E7D0-8E96-4504-B863-95B10BC31AF6}.Release|x64.ActiveCfg = Release|x64
		{6135E7D0-8E96-4504-B863-95B10BC31AF6}.Release|x64.Build.0 = Release|x64
		{6135E7D0-8E96-4504-B863-95B10BC31AF6}.Release|x86.ActiveCfg = Release|Win32
		{6135E7D0-8E96-4504-B863-95B10BC31AF6}.Release|x86.Build.0 = Release|Win32
		{B37EBCC8-3DA1-4ECC-8C13-37FC9D3658F4}.Debug|x64.ActiveCfg = Debug|x64
		{B37EBCC8-3DA1-4ECC-8C13-37FC9D3658F4}.Debug|x64.Build.0 = Debug|x64
		{B37EBCC8-3DA1-4ECC-8C13-37FC9D3658F4}.Debug|x86.ActiveCfg = Debug|Win32
		{B37EBCC8-3DA1-4ECC-8C13-37FC9D3658F4}.Debug|x86.Build.0 = Debug|Win32
		{B37EBCC8-3DA1-4ECC-8C13-37FC9D3658F4}.Release|x64.ActiveCfg = Release|x64
		{B37EBCC8-3DA1-4ECC-8C13-37FC9D3658F4}.Release|x64.Build.0 = Release|x64
		{B37EBCC8-3DA1-4ECC-8C13-37FC9D3658F4}.Release|x86.ActiveCfg = Release|Win32
		{B37EBCC8-3DA1-4ECC-8C13-37FC9D3658F4}.Release|x86.Build.0 = Release|Win32
		{2FA4E7B6-87A1-4B5E-82E0-5504FB951467}.Debug|x64.ActiveCfg = Debug|x64
		{2FA4E7B6-87A1-4B5E-82E0-5504FB951467}.Debug|x64.Build.0 = Debug|x64
		{2FA4E7B6-87A1-4B5E-82E0-5504FB951467}.Debug|x86.ActiveCfg = Debug|Win32
		{2FA4E7B6-87A1-4B5E-82E0-5504FB951467}.Debug|x86.Build.0 = Debug|Win32
		{2FA4E7B6-87A1-4B5E-82E0-5504FB951467}.Release|x64.ActiveCfg = Release|x64
		{2FA4E7B6-87A1-4B5E-82E0-5504FB951467}.Release|x64.Build.0 = Release|x64
		{2FA4E7B6-87A1-4B5E-82E0-5504FB951467}.Release|x86.ActiveCfg = Release|Win32
		{2FA4E7B6-87A1-4B5E-82E0-5504FB951467}.Release|x86.Build.0 = Release|Win32
		{9546E34D-88D1-48E9-B2E0-18B9A81F33FD}.Debug|x64.ActiveCfg = Debug|x64
		{9546E34D-88D1-48E9-B2E0-18B9A81F33FD}.Debug|x64.Build.0 = Debug|x64
		{9546E34D-88D1-48E9-B2E0-18B9A81F33FD}.Debug|x86.ActiveCfg = Debug|Win32
		{9546E34D-88D1-48E9-B2E0-18B9A81F33FD}.Debug|x86.Build.0 = Debug|Win32
		{9546E34D-88D1-48E9-B2E0-18B9A81F33FD}.Release|x64.ActiveCfg = Release|x64
		{9546E34D-88D1-48E9-B2E0-18B9A81F33FD}.Release|x64.Build.0 = Release|x64
		{9546E34D-88D1-48E9-B2E0-18B9A81F33FD}.Release|x86.ActiveCfg = Release|Win32
		{9546E34D-88D1-48E9-B2E0-18B9A81F33FD}.Release|x86.Build.0 = Release|Win32
		{E2F9FA88-A975-4601-86CD-9C043E789DE4}.Debug|x64.ActiveCfg = Debug|x64
		{E2F9FA88-A975-4601-86CD-9C043E789DE4}.Debug|x64.Build.0 = Debug|x64
		{E2F9FA88-A975-4601-86CD-9C043E789DE4}.Debug|x86.ActiveCfg = Debug|Win32
		{E2F9FA88-A975-4601-86CD-9C043E789DE4}.Debug|x86.Build.0 = Debug|Win32
		{E2F9FA88-A975-4601-86CD-9C043E789DE4}.Release|x64.ActiveCfg = Release|x64
		{E2F9FA88-A975-4601-86CD-9C043E789DE4}.Release|x64.Build.0 = Release|x64
		{E2F9FA88-A975-4601-86CD-9C043E789DE4}.Release|x86.ActiveCfg = Release|Win32
		{E2F9FA88-A975-4601-86CD-9C043E789DE4}.Release|x86.Build.0 = Release|Win32
		{4FE5F895-5A2E-4DBA-8457-9CF34C69D616}.Debug|x64.ActiveCfg = Debug|x64
		{4FE5F895-5A2E-4DBA-8457-9CF34C69D616}.Debug|x64.Build.0 = Debug|x64
		{4FE5F895-5A2E-4DBA-8457-9CF34C69D616}.Debug|x86.ActiveCfg = Debug|Win32
		{4FE5F895-5A2E-4DBA-8457-9CF34C69D616}.Debug|x86.Build.0 = Debug|Win32
		{4FE5F895-5A2E-4DBA-8457-9CF34C69D616}.Release|x64.ActiveCfg = Release|x64
		{4FE5F895-5A2E-4DBA-8457-9CF34C69D616}.Release|x64.Build.0 = Release|x64
		{4FE5F895-5A2E-4DBA-8457-9CF34C69D616}.Release|x86.ActiveCfg = Release|Win32
		{4FE5F895-5A2E-4DBA-8457-9CF34C69D616}.Release|x86.Build.0 = Release|Win32
		{3ED80F3C-607F-484C-92D1-182DAEC0B54C}.Debug|x64.ActiveCfg = Debug|x64
		{3ED80F3C-607F-484C-92D1-182DAEC0B54C}.Debug|x64.Build.0 = Debug|x64
		{3ED80F3C-607F-484C-92D1-182DAEC0B54C}.Debug|x86.ActiveCfg = Debug|Win32
		{3ED80F3C-607F-484C-92D1-182DAEC0B54C}.Debug|x86.Build.0 = Debug|Win32
		{3ED80F3C-607F-484C-92D1-182DAEC0B54C}.Release|x64.ActiveCfg = Release|x64
		{3ED80F3C-607F-484C-92D1-182DAEC0B54C}.Release|x64.Build.0 = Release|x64
		{3ED80F3C-607F-484C-92D1-182DAEC0B54C}.Release|x86.ActiveCfg = Release|Win32
		{3ED80F3C-607F-484C-92D1-182DAEC0B54C}.Release|x86.Build.0 = Release|Win32
		{113E74A2-169F-49A1-A9F2-8B460FB24D6E}.Debug|x64.ActiveCfg = Debug|x64
		{113E74A2-169F-49A1-A9F2-8B460FB24D6E}.Debug|x64.Build.0 = Debug|x64
		{113E74A2-169F-49A1-A9F2-8B460FB24D6E}.Debug|x86.ActiveCfg = Debug|Win32
		{113E74A2-169F-49A1-A9F2-8B460FB24D6E}.Debug|x86.Build.0 = Debug|Win32
		{113E74A2-169F-49A1-A9F2-8B460FB24D6E}.Release|x64.ActiveCfg = Release|x64
		{113E74A2-169F-49A1-A9F2-8B460FB24D6E}.Release|x64.Build.0 = Release|x64
		{113E74A2-169F-49A1-A9F2-8B460FB24D6E}.Release|x86.ActiveCfg = Release|Win32
		{113E74A2-169F-49A1-A9F2-8B460FB24D6E}.Release|x86.Build.0 = Release|Win32
		{184D3646-458C-4421-9268-962FC489C852}.Debug|x64.ActiveCfg = Debug|x64
		{184D3646-458C-4421-9268-962FC489C852}.Debug|x64.Build.0 = Debug|x64
		{184D3646-458C-4421-9268-962FC489C852}.Debug|x86.ActiveCfg = Debug|Win32
		{184D3646-458C-4421-9268-962FC489C852}.Debug|x86.Build.0 = Debug|Win32
		{184D3646-458C-4421-9268-962FC489C852}.Release|x64.ActiveCfg = Release|x64
		{184D3646-458C-4421-9268-962FC489C852}.Release|x64.Build.0 = Release|x64
		{184D3646-458C-4421-9268-962FC489C852}.Release|x86.ActiveCfg = Release|Win32
		{184D3646-458C-4421-9268-962FC489C852}.Release|x86.Build.0 = Release|Win32
		{D73311D7-1C29-4377-B9A9-D0C0DD35F0BD}.Debug|x64.ActiveCfg = Debug|x64
		{D73311D7-1C29-4377-B9A9-D0C0DD35F0BD}.Debug|x64.Build.0 = Debug|x64
		{D73311D7-1C29-4377-B9A9-D0C0DD35F0BD}.Debug|x86.ActiveCfg = Debug|Win32
		{D73311D7-1C29-4377-B9A9-D0C0DD35F0BD}.Debug|x86.Build.0 = Debug|Win32
		{D73311D7-1C29-4377-B9A9-D0C0DD35F0BD}.Release|x64.ActiveCfg = Release|x64
		{D73311D7-1C29-4377-B9A9-D0C0DD35F0BD}.Release|x64.Build.0 = Release|x64
		{D73311D7-1C29-4377-B9A9-D0C0DD35F0BD}.Release|x86.ActiveCfg = Release|Win32
		{D73311D7-1C29-4377-B9A9-D0C0DD35F0BD}.Release|x86.Build.0 = Release|Win32
		{0AF767C0-B822-4B95-A620-48AC15BC9386}.Debug|x64.ActiveCfg = Debug|x64
		{0AF767C0-B822-4B95-A620-48AC15BC9386}.Debug|x64.Build.0 = Debug|x64
		{0AF767C0-B822-4B95-A620-48AC15BC9386}.Debug|x86.ActiveCfg = Debug|Win32
		{0AF767C0-B822-4B95-A620-48AC15BC9386}.Debug|x86.Build.0 = Debug|Win32
		{0AF767C0-B822-4B95-A620-48AC15BC9386}.Release|x64.ActiveCfg = Release|x64
		{0AF767C0-B822-4B95-A620-48AC15BC9386}.Release|x64.Build.0 = Release|x64
		{0AF767C0-B822-4B95-A620-48AC15BC9386}.Release|x86.ActiveCfg = Release|Win32
		{0AF767C0-B822-4B95-A620-48AC15BC9386}.Release|x86.Build.0 = Release|Win32
		{13FE8F86-4D4C-4717-A10F-FD56C3B93AE5}.Debug|x64.ActiveCfg = Debug|x64
		{13FE8F86-4D4C-4717-A10F-FD56C3B93AE5}.Debug|x64.Build.0 = Debug|x64
		{13FE8F86-4D4C-4717-A10F-FD56C3B93AE5}.Debug|x86.ActiveCfg = Debug|Win32
		{13FE8F86-4D4C-4717-A10F-FD56C3B93AE5}.Debug|x86.Build.0 = Debug|Win32
		{13FE8F86-4D4C-4717-A10F-FD56C3B93AE5}.Release|x64.ActiveCfg = Release|x64
		{13FE8F86-4D4C-4717-A10F-FD56C3B93AE5}.Release|x64.Build.0 = Release|x64
		{13FE8F86-4D4C-4717-A10F-FD56C3B93AE5}.Release|x86.ActiveCfg = Release|Win32
		{13FE8F86-4D4C-4717-A10F-FD56C3B93AE5}.Release|x86.Build.0 = Release|Win32
		{77CA9DE3-BFE6-42A1-BB23-4ABD8E9D310E}.Debug|x64.ActiveCfg = Debug|x64
		{77CA9DE3-BFE6-42A1-BB23-4ABD8E9D310E}.Debug|x64.Build.0 = Debug|x64
		{77CA9DE3-BFE6-42A1-BB23-4ABD8E9D310E}.Debug|x86.ActiveCfg = Debug|Win32
		{77CA9DE3-BFE6-42A1-BB23-4ABD8E9D310E}.Debug|x86.Build.0 = Debug|Win32
		{77CA9DE3-BFE6-42A1-BB23-4ABD8E9D310E}.Release|x64.ActiveCfg = Release|x64
		{77CA9DE3-BFE6-42A1-BB23-4ABD8E9D310E}.Release|x64.Build.0 = Release|x64
		{77CA9DE3-BFE6-42A1-BB23-4ABD8E9D310E}.Release|x86.ActiveCfg = Release|Win32
		{77CA9DE3-BFE6-42A1-BB23-4ABD8E9D310E}.Release|x86.Build.0 = Release|Win32
		{40D85E14-09E2-4274-B755-13221DF2433F}.Debug|x64.ActiveCfg = Debug|x64
		{40D85E14-09E2-4274-B755-13221DF2433F}.Debug|x64.Build.0 = Debug|x64
		{40D85E14-09E2-4274-B755-13221DF2433F}.Debug|x86.ActiveCfg = Debug|Win32
		{40D85E14-09E2-4274-B755-13221DF2433F}.Debug|x86.Build.0 = Debug|Win32
		{40D85E14-09E2-4274-B755-13221DF2433F}.Release|x64.ActiveCfg = Release|x64
		{40D85E14-09E2-4274-B755-13221DF2433F}.Release|x64.Build.0 = Release|x64
		{40D85E14-09E2-4274-B755-13221DF2433F}.Release|x86.ActiveCfg = Release|Win32
		{40D85E14-09E2-4274-B755-13221DF2433F}.Release|x86.Build.0 = Release|Win32
		{F5116193-0BF3-4044-B040-EDACC8018866}.Debug|x64.ActiveCfg = Debug|x64
		{F5116193-0BF3-4044-B040-EDACC8018866}.Debug|x64.Build.0 = Debug|x64
		{F5116193-0BF3-4044-B040-EDACC8018866}.Debug|x86.ActiveCfg = Debug|Win32
		{F5116193-0BF3-4044-B040-EDACC8018866}.Debug|x86.Build.0 = Debug|Win32
		{F5116193-0BF3-4044-B040-EDACC8018866}.Release|x64.ActiveCfg = Release|x64
		{F5116193-0BF3-4044-B040-EDACC8018866}.Release|x64.Build.0 = Release|x64
		{F5116193-0BF3-4044-B040-EDACC8018866}.Release|x86.ActiveCfg = Release|Win32
		{F5116193-0BF3-4044-B040-EDACC8018866}.Release|x86.Build.0 = Release|Win32
	EndGlobalSection
	GlobalSection(SolutionProperties) = preSolution
		HideSolutionNode = FALSE
	EndGlobalSection
	GlobalSection(NestedProjects) = preSolution
		{3CEB4FBB-B516-4151-8894-D46D7FFFC913} = {B03A36B0-3D23-4F70-99EE-B573BCEE25AC}
		{6135E7D0-8E96-4504-B863-95B10BC31AF6} = {B03A36B0-3D23-4F70-99EE-B573BCEE25AC}
		{B37EBCC8-3DA1-4ECC-8C13-37FC9D3658F4} = {B03A36B0-3D23-4F70-99EE-B573BCEE25AC}
		{2FA4E7B6-87A1-4B5E-82E0-5504FB951467} = {AA239D65-A05A-47B9-845D-299E916B1A5D}
		{9546E34D-88D1-48E9-B2E0-18B9A81F33FD} = {5F15C4B7-0012-421E-B8EF-33AB6989FA5A}
		{E2F9FA88-A975-4601-86CD-9C043E789DE4} = {5F15C4B7-0012-421E-B8EF-33AB6989FA5A}
		{4FE5F895-5A2E-4DBA-8457-9CF34C69D616} = {AA239D65-A05A-47B9-845D-299E916B1A5D}
		{3ED80F3C-607F-484C-92D1-182DAEC0B54C} = {5F15C4B7-0012-421E-B8EF-33AB6989FA5A}
		{113E74A2-169F-49A1-A9F2-8B460FB24D6E} = {AA239D65-A05A-47B9-845D-299E916B1A5D}
		{184D3646-458C-4421-9268-962FC489C852} = {5F15C4B7-0012-421E-B8EF-33AB6989FA5A}
		{D73311D7-1C29-4377-B9A9-D0C0DD35F0BD} = {5F15C4B7-0012-421E-B8EF-33AB6989FA5A}
		{0AF767C0-B822-4B95-A620-48AC15BC9386} = {5F15C4B7-0012-421E-B8EF-33AB6989FA5A}
		{13FE8F86-4D4C-4717-A10F-FD56C3B93AE5} = {B03A36B0-3D23-4F70-99EE-B573BCEE25AC}
		{77CA9DE3-BFE6-42A1-BB23-4ABD8E9D310E} = {B03A36B0-3D23-4F70-99EE-B573BCEE25AC}
		{40D85E14-09E2-4274-B755-13221DF2433F} = {5F15C4B7-0012-421E-B8EF-33AB6989FA5A}
	EndGlobalSection
	GlobalSection(ExtensibilityGlobals) = postSolution
		SolutionGuid = {9C7B81E0-2EFE-4DDF-8BF1-29ED9666D6B3}
	EndGlobalSection
EndGlobal
