
Microsoft Visual Studio Solution File, Format Version 12.00
# Visual Studio Version 16
VisualStudioVersion = 16.0.30804.86
MinimumVisualStudioVersion = 10.0.40219.1
Project("{8BC9CEB8-8B4A-11D0-8D11-00A0C91BC942}") = "Initializing", "Initializing\Initializing.vcxproj", "{3CEB4FBB-B516-4151-8894-D46D7FFFC913}"
EndProject
Project("{8BC9CEB8-8B4A-11D0-8D11-00A0C91BC942}") = "Drawing a Triangle", "Drawing a Triangle\Drawing a Triangle.vcxproj", "{6135E7D0-8E96-4504-B863-95B10BC31AF6}"
EndProject
Project("{8BC9CEB8-8B4A-11D0-8D11-00A0C91BC942}") = "Drawing a Rectangle", "Drawing a Rectangle\Drawing a Rectangle.vcxproj", "{35628309-D986-422F-A144-B12215C37678}"
EndProject
Project("{8BC9CEB8-8B4A-11D0-8D11-00A0C91BC942}") = "Perspective Camera", "Perspective Camera\Perspective Camera.vcxproj", "{13FE8F86-4D4C-4717-A10F-FD56C3B93AE5}"
EndProject
Global
	GlobalSection(SolutionConfigurationPlatforms) = preSolution
		Debug|x64 = Debug|x64
		Debug|x86 = Debug|x86
		Release|x64 = Release|x64
		Release|x86 = Release|x86
	EndGlobalSection
	GlobalSection(ProjectConfigurationPlatforms) = postSolution
		{3CEB4FBB-B516-4151-8894-D46D7FFFC913}.Debug|x64.ActiveCfg = Debug|x64
		{3CEB4FBB-B516-4151-8894-D46D7FFFC913}.Debug|x64.Build.0 = Debug|x64
		{3CEB4FBB-B516-4151-8894-D46D7FFFC913}.Debug|x86.ActiveCfg = Debug|Win32
		{3CEB4FBB-B516-4151-8894-D46D7FFFC913}.Debug|x86.Build.0 = Debug|Win32
		{3CEB4FBB-B516-4151-8894-D46D7FFFC913}.Release|x64.ActiveCfg = Release|x64
		{3CEB4FBB-B516-4151-8894-D46D7FFFC913}.Release|x64.Build.0 = Release|x64
		{3CEB4FBB-B516-4151-8894-D46D7FFFC913}.Release|x86.ActiveCfg = Release|Win32
		{3CEB4FBB-B516-4151-8894-D46D7FFFC913}.Release|x86.Build.0 = Release|Win32
		{6135E7D0-8E96-4504-B863-95B10BC31AF6}.Debug|x64.ActiveCfg = Debug|x64
		{6135E7D0-8E96-4504-B863-95B10BC31AF6}.Debug|x64.Build.0 = Debug|x64
		{6135E7D0-8E96-4504-B863-95B10BC31AF6}.Debug|x86.ActiveCfg = Debug|Win32
		{6135E7D0-8E96-4504-B863-95B10BC31AF6}.Debug|x86.Build.0 = Debug|Win32
		{6135E7D0-8E96-4504-B863-95B10BC31AF6}.Release|x64.ActiveCfg = Release|x64
		{6135E7D0-8E96-4504-B863-95B10BC31AF6}.Release|x64.Build.0 = Release|x64
		{6135E7D0-8E96-4504-B863-95B10BC31AF6}.Release|x86.ActiveCfg = Release|Win32
		{6135E7D0-8E96-4504-B863-95B10BC31AF6}.Release|x86.Build.0 = Release|Win32
		{35628309-D986-422F-A144-B12215C37678}.Debug|x64.ActiveCfg = Debug|x64
		{35628309-D986-422F-A144-B12215C37678}.Debug|x64.Build.0 = Debug|x64
		{35628309-D986-422F-A144-B12215C37678}.Debug|x86.ActiveCfg = Debug|Win32
		{35628309-D986-422F-A144-B12215C37678}.Debug|x86.Build.0 = Debug|Win32
		{35628309-D986-422F-A144-B12215C37678}.Release|x64.ActiveCfg = Release|x64
		{35628309-D986-422F-A144-B12215C37678}.Release|x64.Build.0 = Release|x64
		{35628309-D986-422F-A144-B12215C37678}.Release|x86.ActiveCfg = Release|Win32
		{35628309-D986-422F-A144-B12215C37678}.Release|x86.Build.0 = Release|Win32
		{13FE8F86-4D4C-4717-A10F-FD56C3B93AE5}.Debug|x64.ActiveCfg = Debug|x64
		{13FE8F86-4D4C-4717-A10F-FD56C3B93AE5}.Debug|x64.Build.0 = Debug|x64
		{13FE8F86-4D4C-4717-A10F-FD56C3B93AE5}.Debug|x86.ActiveCfg = Debug|Win32
		{13FE8F86-4D4C-4717-A10F-FD56C3B93AE5}.Debug|x86.Build.0 = Debug|Win32
		{13FE8F86-4D4C-4717-A10F-FD56C3B93AE5}.Release|x64.ActiveCfg = Release|x64
		{13FE8F86-4D4C-4717-A10F-FD56C3B93AE5}.Release|x64.Build.0 = Release|x64
		{13FE8F86-4D4C-4717-A10F-FD56C3B93AE5}.Release|x86.ActiveCfg = Release|Win32
		{13FE8F86-4D4C-4717-A10F-FD56C3B93AE5}.Release|x86.Build.0 = Release|Win32
	EndGlobalSection
	GlobalSection(SolutionProperties) = preSolution
		HideSolutionNode = FALSE
	EndGlobalSection
	GlobalSection(ExtensibilityGlobals) = postSolution
		SolutionGuid = {9C7B81E0-2EFE-4DDF-8BF1-29ED9666D6B3}
	EndGlobalSection
EndGlobal
