<?xml version="1.0" encoding="utf-8"?>
<Project ToolsVersion="4.0" xmlns="http://schemas.microsoft.com/developer/msbuild/2003">
  <ItemGroup>
    <FxCompile Include="PixelShader.hlsl">
      <Filter>Shader Files</Filter>
    </FxCompile>
    <FxCompile Include="VertexShader.hlsl">
      <Filter>Shader Files</Filter>
    </FxCompile>
  </ItemGroup>
  <ItemGroup>
    <ClCompile Include="simdjson.cpp">
      <Filter>Third-Party</Filter>
    </ClCompile>
    <ClCompile Include="Application.cpp">
      <Filter>Source Files</Filter>
    </ClCompile>
    <ClCompile Include="DxCamera.cpp">
      <Filter>Source Files</Filter>
    </ClCompile>
    <ClCompile Include="DxModel.cpp">
      <Filter>Source Files</Filter>
    </ClCompile>
    <ClCompile Include="DxRenderer.cpp">
      <Filter>Source Files</Filter>
    </ClCompile>
    <ClCompile Include="DxShader.cpp">
      <Filter>Source Files</Filter>
    </ClCompile>
    <ClCompile Include="GltfModelLoader.cpp">
      <Filter>Source Files</Filter>
    </ClCompile>
    <ClCompile Include="Timer.cpp">
      <Filter>Source Files</Filter>
    </ClCompile>
    <ClCompile Include="main.cpp">
      <Filter>Source Files</Filter>
    </ClCompile>
  </ItemGroup>
  <ItemGroup>
    <ClInclude Include="Application.h">
      <Filter>Header Files</Filter>
    </ClInclude>
    <ClInclude Include="DxCamera.h">
      <Filter>Header Files</Filter>
    </ClInclude>
    <ClInclude Include="DxModel.h">
      <Filter>Header Files</Filter>
    </ClInclude>
    <ClInclude Include="DxRenderer.h">
      <Filter>Header Files</Filter>
    </ClInclude>
    <ClInclude Include="DxShader.h">
      <Filter>Header Files</Filter>
    </ClInclude>
    <ClInclude Include="GltfModelLoader.h">
      <Filter>Header Files</Filter>
    </ClInclude>
    <ClInclude Include="Timer.h">
      <Filter>Header Files</Filter>
    </ClInclude>
    <ClInclude Include="simdjson.h">
      <Filter>Third-Party</Filter>
    </ClInclude>
  </ItemGroup>
  <ItemGroup>
    <Filter Include="Third-Party">
      <UniqueIdentifier>{3b07c6a9-b699-44b3-8402-74d3ce50e8ed}</UniqueIdentifier>
    </Filter>
    <Filter Include="Resource Files">
      <UniqueIdentifier>{f167999d-c677-413f-978c-32c4eaea36c3}</UniqueIdentifier>
    </Filter>
    <Filter Include="Shader Files">
      <UniqueIdentifier>{ae5faaf7-ef6d-44cd-a619-fc35a81a6fad}</UniqueIdentifier>
    </Filter>
    <Filter Include="Header Files">
      <UniqueIdentifier>{e0a5dfeb-2e96-4fed-8aca-00db9d7a8487}</UniqueIdentifier>
    </Filter>
    <Filter Include="Source Files">
      <UniqueIdentifier>{bd052599-c59f-4615-9fa3-fa1b45060db0}</UniqueIdentifier>
    </Filter>
  </ItemGroup>
  <ItemGroup>
    <None Include="ShaderData.hlsli">
      <Filter>Shader Files</Filter>
    </None>
  </ItemGroup>
</Project>